// !$*UTF8*$!
{
	archiveVersion = 1;
	classes = {
	};
	objectVersion = 55;
	objects = {

/* Begin PBXBuildFile section */
		AC977F25284D9C6700701443 /* AppDelegate.swift in Sources */ = {isa = PBXBuildFile; fileRef = AC977F24284D9C6700701443 /* AppDelegate.swift */; };
		AC977F27284D9C6700701443 /* SceneDelegate.swift in Sources */ = {isa = PBXBuildFile; fileRef = AC977F26284D9C6700701443 /* SceneDelegate.swift */; };
		AC977F29284D9C6700701443 /* ViewController.swift in Sources */ = {isa = PBXBuildFile; fileRef = AC977F28284D9C6700701443 /* ViewController.swift */; };
		AC977F2C284D9C6700701443 /* Main.storyboard in Resources */ = {isa = PBXBuildFile; fileRef = AC977F2A284D9C6700701443 /* Main.storyboard */; };
		AC977F2E284D9C6800701443 /* Assets.xcassets in Resources */ = {isa = PBXBuildFile; fileRef = AC977F2D284D9C6800701443 /* Assets.xcassets */; };
		AC977F31284D9C6800701443 /* LaunchScreen.storyboard in Resources */ = {isa = PBXBuildFile; fileRef = AC977F2F284D9C6800701443 /* LaunchScreen.storyboard */; };
		AC977F46284D9C6900701443 /* MakeYourOwnPromiseUITests.swift in Sources */ = {isa = PBXBuildFile; fileRef = AC977F45284D9C6900701443 /* MakeYourOwnPromiseUITests.swift */; };
		AC977F48284D9C6900701443 /* MakeYourOwnPromiseUITestsLaunchTests.swift in Sources */ = {isa = PBXBuildFile; fileRef = AC977F47284D9C6900701443 /* MakeYourOwnPromiseUITestsLaunchTests.swift */; };
		AC977F58284D9C9F00701443 /* Firstly.swift in Sources */ = {isa = PBXBuildFile; fileRef = AC977F56284D9C9F00701443 /* Firstly.swift */; };
		AC977F59284D9C9F00701443 /* Promise.swift in Sources */ = {isa = PBXBuildFile; fileRef = AC977F57284D9C9F00701443 /* Promise.swift */; };
		AC977F5C284D9CDE00701443 /* PromiseTests.swift in Sources */ = {isa = PBXBuildFile; fileRef = AC977F5A284D9CDE00701443 /* PromiseTests.swift */; };
		AC977F5D284D9CDE00701443 /* PromiseFeaturesTests.swift in Sources */ = {isa = PBXBuildFile; fileRef = AC977F5B284D9CDE00701443 /* PromiseFeaturesTests.swift */; };
/* End PBXBuildFile section */

/* Begin PBXContainerItemProxy section */
		AC977F38284D9C6800701443 /* PBXContainerItemProxy */ = {
			isa = PBXContainerItemProxy;
			containerPortal = AC977F19284D9C6700701443 /* Project object */;
			proxyType = 1;
			remoteGlobalIDString = AC977F20284D9C6700701443;
			remoteInfo = MakeYourOwnPromise;
		};
		AC977F42284D9C6900701443 /* PBXContainerItemProxy */ = {
			isa = PBXContainerItemProxy;
			containerPortal = AC977F19284D9C6700701443 /* Project object */;
			proxyType = 1;
			remoteGlobalIDString = AC977F20284D9C6700701443;
			remoteInfo = MakeYourOwnPromise;
		};
/* End PBXContainerItemProxy section */

/* Begin PBXFileReference section */
		AC977F21284D9C6700701443 /* MakeYourOwnPromise.app */ = {isa = PBXFileReference; explicitFileType = wrapper.application; includeInIndex = 0; path = MakeYourOwnPromise.app; sourceTree = BUILT_PRODUCTS_DIR; };
		AC977F24284D9C6700701443 /* AppDelegate.swift */ = {isa = PBXFileReference; lastKnownFileType = sourcecode.swift; path = AppDelegate.swift; sourceTree = "<group>"; };
		AC977F26284D9C6700701443 /* SceneDelegate.swift */ = {isa = PBXFileReference; lastKnownFileType = sourcecode.swift; path = SceneDelegate.swift; sourceTree = "<group>"; };
		AC977F28284D9C6700701443 /* ViewController.swift */ = {isa = PBXFileReference; lastKnownFileType = sourcecode.swift; path = ViewController.swift; sourceTree = "<group>"; };
		AC977F2B284D9C6700701443 /* Base */ = {isa = PBXFileReference; lastKnownFileType = file.storyboard; name = Base; path = Base.lproj/Main.storyboard; sourceTree = "<group>"; };
		AC977F2D284D9C6800701443 /* Assets.xcassets */ = {isa = PBXFileReference; lastKnownFileType = folder.assetcatalog; path = Assets.xcassets; sourceTree = "<group>"; };
		AC977F30284D9C6800701443 /* Base */ = {isa = PBXFileReference; lastKnownFileType = file.storyboard; name = Base; path = Base.lproj/LaunchScreen.storyboard; sourceTree = "<group>"; };
		AC977F32284D9C6800701443 /* Info.plist */ = {isa = PBXFileReference; lastKnownFileType = text.plist.xml; path = Info.plist; sourceTree = "<group>"; };
		AC977F37284D9C6800701443 /* MakeYourOwnPromiseTests.xctest */ = {isa = PBXFileReference; explicitFileType = wrapper.cfbundle; includeInIndex = 0; path = MakeYourOwnPromiseTests.xctest; sourceTree = BUILT_PRODUCTS_DIR; };
		AC977F41284D9C6900701443 /* MakeYourOwnPromiseUITests.xctest */ = {isa = PBXFileReference; explicitFileType = wrapper.cfbundle; includeInIndex = 0; path = MakeYourOwnPromiseUITests.xctest; sourceTree = BUILT_PRODUCTS_DIR; };
		AC977F45284D9C6900701443 /* MakeYourOwnPromiseUITests.swift */ = {isa = PBXFileReference; lastKnownFileType = sourcecode.swift; path = MakeYourOwnPromiseUITests.swift; sourceTree = "<group>"; };
		AC977F47284D9C6900701443 /* MakeYourOwnPromiseUITestsLaunchTests.swift */ = {isa = PBXFileReference; lastKnownFileType = sourcecode.swift; path = MakeYourOwnPromiseUITestsLaunchTests.swift; sourceTree = "<group>"; };
		AC977F56284D9C9F00701443 /* Firstly.swift */ = {isa = PBXFileReference; fileEncoding = 4; lastKnownFileType = sourcecode.swift; path = Firstly.swift; sourceTree = "<group>"; };
		AC977F57284D9C9F00701443 /* Promise.swift */ = {isa = PBXFileReference; fileEncoding = 4; lastKnownFileType = sourcecode.swift; path = Promise.swift; sourceTree = "<group>"; };
		AC977F5A284D9CDE00701443 /* PromiseTests.swift */ = {isa = PBXFileReference; fileEncoding = 4; lastKnownFileType = sourcecode.swift; path = PromiseTests.swift; sourceTree = "<group>"; };
		AC977F5B284D9CDE00701443 /* PromiseFeaturesTests.swift */ = {isa = PBXFileReference; fileEncoding = 4; lastKnownFileType = sourcecode.swift; path = PromiseFeaturesTests.swift; sourceTree = "<group>"; };
/* End PBXFileReference section */

/* Begin PBXFrameworksBuildPhase section */
		AC977F1E284D9C6700701443 /* Frameworks */ = {
			isa = PBXFrameworksBuildPhase;
			buildActionMask = 2147483647;
			files = (
			);
			runOnlyForDeploymentPostprocessing = 0;
		};
		AC977F34284D9C6800701443 /* Frameworks */ = {
			isa = PBXFrameworksBuildPhase;
			buildActionMask = 2147483647;
			files = (
			);
			runOnlyForDeploymentPostprocessing = 0;
		};
		AC977F3E284D9C6900701443 /* Frameworks */ = {
			isa = PBXFrameworksBuildPhase;
			buildActionMask = 2147483647;
			files = (
			);
			runOnlyForDeploymentPostprocessing = 0;
		};
/* End PBXFrameworksBuildPhase section */

/* Begin PBXGroup section */
		AC977F18284D9C6700701443 = {
			isa = PBXGroup;
			children = (
				AC977F23284D9C6700701443 /* MakeYourOwnPromise */,
				AC977F3A284D9C6800701443 /* MakeYourOwnPromiseTests */,
				AC977F44284D9C6900701443 /* MakeYourOwnPromiseUITests */,
				AC977F22284D9C6700701443 /* Products */,
			);
			sourceTree = "<group>";
		};
		AC977F22284D9C6700701443 /* Products */ = {
			isa = PBXGroup;
			children = (
				AC977F21284D9C6700701443 /* MakeYourOwnPromise.app */,
				AC977F37284D9C6800701443 /* MakeYourOwnPromiseTests.xctest */,
				AC977F41284D9C6900701443 /* MakeYourOwnPromiseUITests.xctest */,
			);
			name = Products;
			sourceTree = "<group>";
		};
		AC977F23284D9C6700701443 /* MakeYourOwnPromise */ = {
			isa = PBXGroup;
			children = (
				AC977F54284D9C9F00701443 /* Promise */,
				AC977F24284D9C6700701443 /* AppDelegate.swift */,
				AC977F26284D9C6700701443 /* SceneDelegate.swift */,
				AC977F28284D9C6700701443 /* ViewController.swift */,
				AC977F2A284D9C6700701443 /* Main.storyboard */,
				AC977F2D284D9C6800701443 /* Assets.xcassets */,
				AC977F2F284D9C6800701443 /* LaunchScreen.storyboard */,
				AC977F32284D9C6800701443 /* Info.plist */,
			);
			path = MakeYourOwnPromise;
			sourceTree = "<group>";
		};
		AC977F3A284D9C6800701443 /* MakeYourOwnPromiseTests */ = {
			isa = PBXGroup;
			children = (
				AC977F5B284D9CDE00701443 /* PromiseFeaturesTests.swift */,
				AC977F5A284D9CDE00701443 /* PromiseTests.swift */,
			);
			path = MakeYourOwnPromiseTests;
			sourceTree = "<group>";
		};
		AC977F44284D9C6900701443 /* MakeYourOwnPromiseUITests */ = {
			isa = PBXGroup;
			children = (
				AC977F45284D9C6900701443 /* MakeYourOwnPromiseUITests.swift */,
				AC977F47284D9C6900701443 /* MakeYourOwnPromiseUITestsLaunchTests.swift */,
			);
			path = MakeYourOwnPromiseUITests;
			sourceTree = "<group>";
		};
		AC977F54284D9C9F00701443 /* Promise */ = {
			isa = PBXGroup;
			children = (
				AC977F55284D9C9F00701443 /* Features */,
				AC977F57284D9C9F00701443 /* Promise.swift */,
			);
			path = Promise;
			sourceTree = SOURCE_ROOT;
		};
		AC977F55284D9C9F00701443 /* Features */ = {
			isa = PBXGroup;
			children = (
				AC977F56284D9C9F00701443 /* Firstly.swift */,
			);
			path = Features;
			sourceTree = "<group>";
		};
/* End PBXGroup section */

/* Begin PBXNativeTarget section */
		AC977F20284D9C6700701443 /* MakeYourOwnPromise */ = {
			isa = PBXNativeTarget;
			buildConfigurationList = AC977F4B284D9C6900701443 /* Build configuration list for PBXNativeTarget "MakeYourOwnPromise" */;
			buildPhases = (
				AC977F1D284D9C6700701443 /* Sources */,
				AC977F1E284D9C6700701443 /* Frameworks */,
				AC977F1F284D9C6700701443 /* Resources */,
			);
			buildRules = (
			);
			dependencies = (
			);
			name = MakeYourOwnPromise;
			productName = MakeYourOwnPromise;
			productReference = AC977F21284D9C6700701443 /* MakeYourOwnPromise.app */;
			productType = "com.apple.product-type.application";
		};
		AC977F36284D9C6800701443 /* MakeYourOwnPromiseTests */ = {
			isa = PBXNativeTarget;
			buildConfigurationList = AC977F4E284D9C6900701443 /* Build configuration list for PBXNativeTarget "MakeYourOwnPromiseTests" */;
			buildPhases = (
				AC977F33284D9C6800701443 /* Sources */,
				AC977F34284D9C6800701443 /* Frameworks */,
				AC977F35284D9C6800701443 /* Resources */,
			);
			buildRules = (
			);
			dependencies = (
				AC977F39284D9C6800701443 /* PBXTargetDependency */,
			);
			name = MakeYourOwnPromiseTests;
			productName = MakeYourOwnPromiseTests;
			productReference = AC977F37284D9C6800701443 /* MakeYourOwnPromiseTests.xctest */;
			productType = "com.apple.product-type.bundle.unit-test";
		};
		AC977F40284D9C6900701443 /* MakeYourOwnPromiseUITests */ = {
			isa = PBXNativeTarget;
			buildConfigurationList = AC977F51284D9C6900701443 /* Build configuration list for PBXNativeTarget "MakeYourOwnPromiseUITests" */;
			buildPhases = (
				AC977F3D284D9C6900701443 /* Sources */,
				AC977F3E284D9C6900701443 /* Frameworks */,
				AC977F3F284D9C6900701443 /* Resources */,
			);
			buildRules = (
			);
			dependencies = (
				AC977F43284D9C6900701443 /* PBXTargetDependency */,
			);
			name = MakeYourOwnPromiseUITests;
			productName = MakeYourOwnPromiseUITests;
			productReference = AC977F41284D9C6900701443 /* MakeYourOwnPromiseUITests.xctest */;
			productType = "com.apple.product-type.bundle.ui-testing";
		};
/* End PBXNativeTarget section */

/* Begin PBXProject section */
		AC977F19284D9C6700701443 /* Project object */ = {
			isa = PBXProject;
			attributes = {
				BuildIndependentTargetsInParallel = 1;
				LastSwiftUpdateCheck = 1320;
				LastUpgradeCheck = 1320;
				TargetAttributes = {
					AC977F20284D9C6700701443 = {
						CreatedOnToolsVersion = 13.2.1;
					};
					AC977F36284D9C6800701443 = {
						CreatedOnToolsVersion = 13.2.1;
						TestTargetID = AC977F20284D9C6700701443;
					};
					AC977F40284D9C6900701443 = {
						CreatedOnToolsVersion = 13.2.1;
						TestTargetID = AC977F20284D9C6700701443;
					};
				};
			};
			buildConfigurationList = AC977F1C284D9C6700701443 /* Build configuration list for PBXProject "MakeYourOwnPromise" */;
			compatibilityVersion = "Xcode 13.0";
			developmentRegion = en;
			hasScannedForEncodings = 0;
			knownRegions = (
				en,
				Base,
			);
			mainGroup = AC977F18284D9C6700701443;
			productRefGroup = AC977F22284D9C6700701443 /* Products */;
			projectDirPath = "";
			projectRoot = "";
			targets = (
				AC977F20284D9C6700701443 /* MakeYourOwnPromise */,
				AC977F36284D9C6800701443 /* MakeYourOwnPromiseTests */,
				AC977F40284D9C6900701443 /* MakeYourOwnPromiseUITests */,
			);
		};
/* End PBXProject section */

/* Begin PBXResourcesBuildPhase section */
		AC977F1F284D9C6700701443 /* Resources */ = {
			isa = PBXResourcesBuildPhase;
			buildActionMask = 2147483647;
			files = (
				AC977F31284D9C6800701443 /* LaunchScreen.storyboard in Resources */,
				AC977F2E284D9C6800701443 /* Assets.xcassets in Resources */,
				AC977F2C284D9C6700701443 /* Main.storyboard in Resources */,
			);
			runOnlyForDeploymentPostprocessing = 0;
		};
		AC977F35284D9C6800701443 /* Resources */ = {
			isa = PBXResourcesBuildPhase;
			buildActionMask = 2147483647;
			files = (
			);
			runOnlyForDeploymentPostprocessing = 0;
		};
		AC977F3F284D9C6900701443 /* Resources */ = {
			isa = PBXResourcesBuildPhase;
			buildActionMask = 2147483647;
			files = (
			);
			runOnlyForDeploymentPostprocessing = 0;
		};
/* End PBXResourcesBuildPhase section */

/* Begin PBXSourcesBuildPhase section */
		AC977F1D284D9C6700701443 /* Sources */ = {
			isa = PBXSourcesBuildPhase;
			buildActionMask = 2147483647;
			files = (
				AC977F29284D9C6700701443 /* ViewController.swift in Sources */,
				AC977F58284D9C9F00701443 /* Firstly.swift in Sources */,
				AC977F59284D9C9F00701443 /* Promise.swift in Sources */,
				AC977F25284D9C6700701443 /* AppDelegate.swift in Sources */,
				AC977F27284D9C6700701443 /* SceneDelegate.swift in Sources */,
			);
			runOnlyForDeploymentPostprocessing = 0;
		};
		AC977F33284D9C6800701443 /* Sources */ = {
			isa = PBXSourcesBuildPhase;
			buildActionMask = 2147483647;
			files = (
				AC977F5D284D9CDE00701443 /* PromiseFeaturesTests.swift in Sources */,
				AC977F5C284D9CDE00701443 /* PromiseTests.swift in Sources */,
			);
			runOnlyForDeploymentPostprocessing = 0;
		};
		AC977F3D284D9C6900701443 /* Sources */ = {
			isa = PBXSourcesBuildPhase;
			buildActionMask = 2147483647;
			files = (
				AC977F48284D9C6900701443 /* MakeYourOwnPromiseUITestsLaunchTests.swift in Sources */,
				AC977F46284D9C6900701443 /* MakeYourOwnPromiseUITests.swift in Sources */,
			);
			runOnlyForDeploymentPostprocessing = 0;
		};
/* End PBXSourcesBuildPhase section */

/* Begin PBXTargetDependency section */
		AC977F39284D9C6800701443 /* PBXTargetDependency */ = {
			isa = PBXTargetDependency;
			target = AC977F20284D9C6700701443 /* MakeYourOwnPromise */;
			targetProxy = AC977F38284D9C6800701443 /* PBXContainerItemProxy */;
		};
		AC977F43284D9C6900701443 /* PBXTargetDependency */ = {
			isa = PBXTargetDependency;
			target = AC977F20284D9C6700701443 /* MakeYourOwnPromise */;
			targetProxy = AC977F42284D9C6900701443 /* PBXContainerItemProxy */;
		};
/* End PBXTargetDependency section */

/* Begin PBXVariantGroup section */
		AC977F2A284D9C6700701443 /* Main.storyboard */ = {
			isa = PBXVariantGroup;
			children = (
				AC977F2B284D9C6700701443 /* Base */,
			);
			name = Main.storyboard;
			sourceTree = "<group>";
		};
		AC977F2F284D9C6800701443 /* LaunchScreen.storyboard */ = {
			isa = PBXVariantGroup;
			children = (
				AC977F30284D9C6800701443 /* Base */,
			);
			name = LaunchScreen.storyboard;
			sourceTree = "<group>";
		};
/* End PBXVariantGroup section */

/* Begin XCBuildConfiguration section */
		AC977F49284D9C6900701443 /* Debug */ = {
			isa = XCBuildConfiguration;
			buildSettings = {
				ALWAYS_SEARCH_USER_PATHS = NO;
				CLANG_ANALYZER_NONNULL = YES;
				CLANG_ANALYZER_NUMBER_OBJECT_CONVERSION = YES_AGGRESSIVE;
				CLANG_CXX_LANGUAGE_STANDARD = "gnu++17";
				CLANG_CXX_LIBRARY = "libc++";
				CLANG_ENABLE_MODULES = YES;
				CLANG_ENABLE_OBJC_ARC = YES;
				CLANG_ENABLE_OBJC_WEAK = YES;
				CLANG_WARN_BLOCK_CAPTURE_AUTORELEASING = YES;
				CLANG_WARN_BOOL_CONVERSION = YES;
				CLANG_WARN_COMMA = YES;
				CLANG_WARN_CONSTANT_CONVERSION = YES;
				CLANG_WARN_DEPRECATED_OBJC_IMPLEMENTATIONS = YES;
				CLANG_WARN_DIRECT_OBJC_ISA_USAGE = YES_ERROR;
				CLANG_WARN_DOCUMENTATION_COMMENTS = YES;
				CLANG_WARN_EMPTY_BODY = YES;
				CLANG_WARN_ENUM_CONVERSION = YES;
				CLANG_WARN_INFINITE_RECURSION = YES;
				CLANG_WARN_INT_CONVERSION = YES;
				CLANG_WARN_NON_LITERAL_NULL_CONVERSION = YES;
				CLANG_WARN_OBJC_IMPLICIT_RETAIN_SELF = YES;
				CLANG_WARN_OBJC_LITERAL_CONVERSION = YES;
				CLANG_WARN_OBJC_ROOT_CLASS = YES_ERROR;
				CLANG_WARN_QUOTED_INCLUDE_IN_FRAMEWORK_HEADER = YES;
				CLANG_WARN_RANGE_LOOP_ANALYSIS = YES;
				CLANG_WARN_STRICT_PROTOTYPES = YES;
				CLANG_WARN_SUSPICIOUS_MOVE = YES;
				CLANG_WARN_UNGUARDED_AVAILABILITY = YES_AGGRESSIVE;
				CLANG_WARN_UNREACHABLE_CODE = YES;
				CLANG_WARN__DUPLICATE_METHOD_MATCH = YES;
				COPY_PHASE_STRIP = NO;
				DEBUG_INFORMATION_FORMAT = dwarf;
				ENABLE_STRICT_OBJC_MSGSEND = YES;
				ENABLE_TESTABILITY = YES;
				GCC_C_LANGUAGE_STANDARD = gnu11;
				GCC_DYNAMIC_NO_PIC = NO;
				GCC_NO_COMMON_BLOCKS = YES;
				GCC_OPTIMIZATION_LEVEL = 0;
				GCC_PREPROCESSOR_DEFINITIONS = (
					"DEBUG=1",
					"$(inherited)",
				);
				GCC_WARN_64_TO_32_BIT_CONVERSION = YES;
				GCC_WARN_ABOUT_RETURN_TYPE = YES_ERROR;
				GCC_WARN_UNDECLARED_SELECTOR = YES;
				GCC_WARN_UNINITIALIZED_AUTOS = YES_AGGRESSIVE;
				GCC_WARN_UNUSED_FUNCTION = YES;
				GCC_WARN_UNUSED_VARIABLE = YES;
				IPHONEOS_DEPLOYMENT_TARGET = 15.2;
				MTL_ENABLE_DEBUG_INFO = INCLUDE_SOURCE;
				MTL_FAST_MATH = YES;
				ONLY_ACTIVE_ARCH = YES;
				SDKROOT = iphoneos;
				SWIFT_ACTIVE_COMPILATION_CONDITIONS = DEBUG;
				SWIFT_OPTIMIZATION_LEVEL = "-Onone";
			};
			name = Debug;
		};
		AC977F4A284D9C6900701443 /* Release */ = {
			isa = XCBuildConfiguration;
			buildSettings = {
				ALWAYS_SEARCH_USER_PATHS = NO;
				CLANG_ANALYZER_NONNULL = YES;
				CLANG_ANALYZER_NUMBER_OBJECT_CONVERSION = YES_AGGRESSIVE;
				CLANG_CXX_LANGUAGE_STANDARD = "gnu++17";
				CLANG_CXX_LIBRARY = "libc++";
				CLANG_ENABLE_MODULES = YES;
				CLANG_ENABLE_OBJC_ARC = YES;
				CLANG_ENABLE_OBJC_WEAK = YES;
				CLANG_WARN_BLOCK_CAPTURE_AUTORELEASING = YES;
				CLANG_WARN_BOOL_CONVERSION = YES;
				CLANG_WARN_COMMA = YES;
				CLANG_WARN_CONSTANT_CONVERSION = YES;
				CLANG_WARN_DEPRECATED_OBJC_IMPLEMENTATIONS = YES;
				CLANG_WARN_DIRECT_OBJC_ISA_USAGE = YES_ERROR;
				CLANG_WARN_DOCUMENTATION_COMMENTS = YES;
				CLANG_WARN_EMPTY_BODY = YES;
				CLANG_WARN_ENUM_CONVERSION = YES;
				CLANG_WARN_INFINITE_RECURSION = YES;
				CLANG_WARN_INT_CONVERSION = YES;
				CLANG_WARN_NON_LITERAL_NULL_CONVERSION = YES;
				CLANG_WARN_OBJC_IMPLICIT_RETAIN_SELF = YES;
				CLANG_WARN_OBJC_LITERAL_CONVERSION = YES;
				CLANG_WARN_OBJC_ROOT_CLASS = YES_ERROR;
				CLANG_WARN_QUOTED_INCLUDE_IN_FRAMEWORK_HEADER = YES;
				CLANG_WARN_RANGE_LOOP_ANALYSIS = YES;
				CLANG_WARN_STRICT_PROTOTYPES = YES;
				CLANG_WARN_SUSPICIOUS_MOVE = YES;
				CLANG_WARN_UNGUARDED_AVAILABILITY = YES_AGGRESSIVE;
				CLANG_WARN_UNREACHABLE_CODE = YES;
				CLANG_WARN__DUPLICATE_METHOD_MATCH = YES;
				COPY_PHASE_STRIP = NO;
				DEBUG_INFORMATION_FORMAT = "dwarf-with-dsym";
				ENABLE_NS_ASSERTIONS = NO;
				ENABLE_STRICT_OBJC_MSGSEND = YES;
				GCC_C_LANGUAGE_STANDARD = gnu11;
				GCC_NO_COMMON_BLOCKS = YES;
				GCC_WARN_64_TO_32_BIT_CONVERSION = YES;
				GCC_WARN_ABOUT_RETURN_TYPE = YES_ERROR;
				GCC_WARN_UNDECLARED_SELECTOR = YES;
				GCC_WARN_UNINITIALIZED_AUTOS = YES_AGGRESSIVE;
				GCC_WARN_UNUSED_FUNCTION = YES;
				GCC_WARN_UNUSED_VARIABLE = YES;
				IPHONEOS_DEPLOYMENT_TARGET = 15.2;
				MTL_ENABLE_DEBUG_INFO = NO;
				MTL_FAST_MATH = YES;
				SDKROOT = iphoneos;
				SWIFT_COMPILATION_MODE = wholemodule;
				SWIFT_OPTIMIZATION_LEVEL = "-O";
				VALIDATE_PRODUCT = YES;
			};
			name = Release;
		};
		AC977F4C284D9C6900701443 /* Debug */ = {
			isa = XCBuildConfiguration;
			buildSettings = {
				ASSETCATALOG_COMPILER_APPICON_NAME = AppIcon;
				ASSETCATALOG_COMPILER_GLOBAL_ACCENT_COLOR_NAME = AccentColor;
				CODE_SIGN_STYLE = Automatic;
				CURRENT_PROJECT_VERSION = 1;
				GENERATE_INFOPLIST_FILE = YES;
				INFOPLIST_FILE = MakeYourOwnPromise/Info.plist;
				INFOPLIST_KEY_UIApplicationSupportsIndirectInputEvents = YES;
				INFOPLIST_KEY_UILaunchStoryboardName = LaunchScreen;
				INFOPLIST_KEY_UIMainStoryboardFile = Main;
				INFOPLIST_KEY_UISupportedInterfaceOrientations_iPad = "UIInterfaceOrientationPortrait UIInterfaceOrientationPortraitUpsideDown UIInterfaceOrientationLandscapeLeft UIInterfaceOrientationLandscapeRight";
				INFOPLIST_KEY_UISupportedInterfaceOrientations_iPhone = "UIInterfaceOrientationPortrait UIInterfaceOrientationLandscapeLeft UIInterfaceOrientationLandscapeRight";
				LD_RUNPATH_SEARCH_PATHS = (
					"$(inherited)",
					"@executable_path/Frameworks",
				);
				MARKETING_VERSION = 1.0;
				PRODUCT_BUNDLE_IDENTIFIER = jiangwang.com.MakeYourOwnPromise;
				PRODUCT_NAME = "$(TARGET_NAME)";
				SWIFT_EMIT_LOC_STRINGS = YES;
				SWIFT_VERSION = 5.0;
				TARGETED_DEVICE_FAMILY = "1,2";
			};
			name = Debug;
		};
		AC977F4D284D9C6900701443 /* Release */ = {
			isa = XCBuildConfiguration;
			buildSettings = {
				ASSETCATALOG_COMPILER_APPICON_NAME = AppIcon;
				ASSETCATALOG_COMPILER_GLOBAL_ACCENT_COLOR_NAME = AccentColor;
				CODE_SIGN_STYLE = Automatic;
				CURRENT_PROJECT_VERSION = 1;
				GENERATE_INFOPLIST_FILE = YES;
				INFOPLIST_FILE = MakeYourOwnPromise/Info.plist;
				INFOPLIST_KEY_UIApplicationSupportsIndirectInputEvents = YES;
				INFOPLIST_KEY_UILaunchStoryboardName = LaunchScreen;
				INFOPLIST_KEY_UIMainStoryboardFile = Main;
				INFOPLIST_KEY_UISupportedInterfaceOrientations_iPad = "UIInterfaceOrientationPortrait UIInterfaceOrientationPortraitUpsideDown UIInterfaceOrientationLandscapeLeft UIInterfaceOrientationLandscapeRight";
				INFOPLIST_KEY_UISupportedInterfaceOrientations_iPhone = "UIInterfaceOrientationPortrait UIInterfaceOrientationLandscapeLeft UIInterfaceOrientationLandscapeRight";
				LD_RUNPATH_SEARCH_PATHS = (
					"$(inherited)",
					"@executable_path/Frameworks",
				);
				MARKETING_VERSION = 1.0;
				PRODUCT_BUNDLE_IDENTIFIER = jiangwang.com.MakeYourOwnPromise;
				PRODUCT_NAME = "$(TARGET_NAME)";
				SWIFT_EMIT_LOC_STRINGS = YES;
				SWIFT_VERSION = 5.0;
				TARGETED_DEVICE_FAMILY = "1,2";
			};
			name = Release;
		};
		AC977F4F284D9C6900701443 /* Debug */ = {
			isa = XCBuildConfiguration;
			buildSettings = {
				ALWAYS_EMBED_SWIFT_STANDARD_LIBRARIES = YES;
				BUNDLE_LOADER = "$(TEST_HOST)";
				CODE_SIGN_STYLE = Automatic;
				CURRENT_PROJECT_VERSION = 1;
				GENERATE_INFOPLIST_FILE = YES;
				IPHONEOS_DEPLOYMENT_TARGET = 15.2;
				MARKETING_VERSION = 1.0;
				PRODUCT_BUNDLE_IDENTIFIER = jiangwang.com.MakeYourOwnPromiseTests;
				PRODUCT_NAME = "$(TARGET_NAME)";
				SWIFT_EMIT_LOC_STRINGS = NO;
				SWIFT_VERSION = 5.0;
				TARGETED_DEVICE_FAMILY = "1,2";
				TEST_HOST = "$(BUILT_PRODUCTS_DIR)/MakeYourOwnPromise.app/MakeYourOwnPromise";
			};
			name = Debug;
		};
		AC977F50284D9C6900701443 /* Release */ = {
			isa = XCBuildConfiguration;
			buildSettings = {
				ALWAYS_EMBED_SWIFT_STANDARD_LIBRARIES = YES;
				BUNDLE_LOADER = "$(TEST_HOST)";
				CODE_SIGN_STYLE = Automatic;
				CURRENT_PROJECT_VERSION = 1;
				GENERATE_INFOPLIST_FILE = YES;
				IPHONEOS_DEPLOYMENT_TARGET = 15.2;
				MARKETING_VERSION = 1.0;
				PRODUCT_BUNDLE_IDENTIFIER = jiangwang.com.MakeYourOwnPromiseTests;
				PRODUCT_NAME = "$(TARGET_NAME)";
				SWIFT_EMIT_LOC_STRINGS = NO;
				SWIFT_VERSION = 5.0;
				TARGETED_DEVICE_FAMILY = "1,2";
				TEST_HOST = "$(BUILT_PRODUCTS_DIR)/MakeYourOwnPromise.app/MakeYourOwnPromise";
			};
			name = Release;
		};
		AC977F52284D9C6900701443 /* Debug */ = {
			isa = XCBuildConfiguration;
			buildSettings = {
				ALWAYS_EMBED_SWIFT_STANDARD_LIBRARIES = YES;
				CODE_SIGN_STYLE = Automatic;
				CURRENT_PROJECT_VERSION = 1;
				GENERATE_INFOPLIST_FILE = YES;
				MARKETING_VERSION = 1.0;
				PRODUCT_BUNDLE_IDENTIFIER = jiangwang.com.MakeYourOwnPromiseUITests;
				PRODUCT_NAME = "$(TARGET_NAME)";
				SWIFT_EMIT_LOC_STRINGS = NO;
				SWIFT_VERSION = 5.0;
				TARGETED_DEVICE_FAMILY = "1,2";
				TEST_TARGET_NAME = MakeYourOwnPromise;
			};
			name = Debug;
		};
		AC977F53284D9C6900701443 /* Release */ = {
			isa = XCBuildConfiguration;
			buildSettings = {
				ALWAYS_EMBED_SWIFT_STANDARD_LIBRARIES = YES;
				CODE_SIGN_STYLE = Automatic;
				CURRENT_PROJECT_VERSION = 1;
				GENERATE_INFOPLIST_FILE = YES;
				MARKETING_VERSION = 1.0;
				PRODUCT_BUNDLE_IDENTIFIER = jiangwang.com.MakeYourOwnPromiseUITests;
				PRODUCT_NAME = "$(TARGET_NAME)";
				SWIFT_EMIT_LOC_STRINGS = NO;
				SWIFT_VERSION = 5.0;
				TARGETED_DEVICE_FAMILY = "1,2";
				TEST_TARGET_NAME = MakeYourOwnPromise;
			};
			name = Release;
		};
/* End XCBuildConfiguration section */

/* Begin XCConfigurationList section */
		AC977F1C284D9C6700701443 /* Build configuration list for PBXProject "MakeYourOwnPromise" */ = {
			isa = XCConfigurationList;
			buildConfigurations = (
				AC977F49284D9C6900701443 /* Debug */,
				AC977F4A284D9C6900701443 /* Release */,
			);
			defaultConfigurationIsVisible = 0;
			defaultConfigurationName = Release;
		};
		AC977F4B284D9C6900701443 /* Build configuration list for PBXNativeTarget "MakeYourOwnPromise" */ = {
			isa = XCConfigurationList;
			buildConfigurations = (
				AC977F4C284D9C6900701443 /* Debug */,
				AC977F4D284D9C6900701443 /* Release */,
			);
			defaultConfigurationIsVisible = 0;
			defaultConfigurationName = Release;
		};
		AC977F4E284D9C6900701443 /* Build configuration list for PBXNativeTarget "MakeYourOwnPromiseTests" */ = {
			isa = XCConfigurationList;
			buildConfigurations = (
				AC977F4F284D9C6900701443 /* Debug */,
				AC977F50284D9C6900701443 /* Release */,
			);
			defaultConfigurationIsVisible = 0;
			defaultConfigurationName = Release;
		};
		AC977F51284D9C6900701443 /* Build configuration list for PBXNativeTarget "MakeYourOwnPromiseUITests" */ = {
			isa = XCConfigurationList;
			buildConfigurations = (
				AC977F52284D9C6900701443 /* Debug */,
				AC977F53284D9C6900701443 /* Release */,
			);
			defaultConfigurationIsVisible = 0;
			defaultConfigurationName = Release;
		};
/* End XCConfigurationList section */
	};
	rootObject = AC977F19284D9C6700701443 /* Project object */;
}
